
Microsoft Visual Studio Solution File, Format Version 12.00
# Visual Studio Version 17
VisualStudioVersion = 17.13.35806.99 d17.13
MinimumVisualStudioVersion = 10.0.40219.1
Project("{FAE04EC0-301F-11D3-BF4B-00C04F79EFBC}") = "cv06", "cv06\cv06.csproj", "{30ED6503-7342-47BB-AC36-BD6AB75B71F6}"
EndProject
Global
	GlobalSection(SolutionConfigurationPlatforms) = preSolution
		Debug|Any CPU = Debug|Any CPU
		Release|Any CPU = Release|Any CPU
	EndGlobalSection
	GlobalSection(ProjectConfigurationPlatforms) = postSolution
		{30ED6503-7342-47BB-AC36-BD6AB75B71F6}.Debug|Any CPU.ActiveCfg = Debug|Any CPU
		{30ED6503-7342-47BB-AC36-BD6AB75B71F6}.Debug|Any CPU.Build.0 = Debug|Any CPU
		{30ED6503-7342-47BB-AC36-BD6AB75B71F6}.Release|Any CPU.ActiveCfg = Release|Any CPU
		{30ED6503-7342-47BB-AC36-BD6AB75B71F6}.Release|Any CPU.Build.0 = Release|Any CPU
	EndGlobalSection
	GlobalSection(SolutionProperties) = preSolution
		HideSolutionNode = FALSE
	EndGlobalSection
	GlobalSection(ExtensibilityGlobals) = postSolution
		SolutionGuid = {54C6957D-5B7B-41D2-9A8F-4B6BBDEBDE8C}
	EndGlobalSection
EndGlobal
